
Microsoft Visual Studio Solution File, Format Version 12.00
# Visual Studio Version 17
VisualStudioVersion = 17.4.32912.340
MinimumVisualStudioVersion = 10.0.40219.1
Project("{9A19103F-16F7-4668-BE54-9A1E7A4F7556}") = "OskarsUmbraco", "OskarsUmbraco.csproj", "{DDE42F14-A1B2-45A9-ACA0-99B8F447461B}"
EndProject
Global
	GlobalSection(SolutionConfigurationPlatforms) = preSolution
		Debug|Any CPU = Debug|Any CPU
		Release|Any CPU = Release|Any CPU
	EndGlobalSection
	GlobalSection(ProjectConfigurationPlatforms) = postSolution
		{DDE42F14-A1B2-45A9-ACA0-99B8F447461B}.Debug|Any CPU.ActiveCfg = Debug|Any CPU
		{DDE42F14-A1B2-45A9-ACA0-99B8F447461B}.Debug|Any CPU.Build.0 = Debug|Any CPU
		{DDE42F14-A1B2-45A9-ACA0-99B8F447461B}.Release|Any CPU.ActiveCfg = Release|Any CPU
		{DDE42F14-A1B2-45A9-ACA0-99B8F447461B}.Release|Any CPU.Build.0 = Release|Any CPU
	EndGlobalSection
	GlobalSection(SolutionProperties) = preSolution
		HideSolutionNode = FALSE
	EndGlobalSection
	GlobalSection(ExtensibilityGlobals) = postSolution
		SolutionGuid = {D849B835-14C6-45E3-A645-5711E5A4F0C1}
	EndGlobalSection
EndGlobal
